
Microsoft Visual Studio Solution File, Format Version 12.00
# Visual Studio Version 17
VisualStudioVersion = 17.8.34309.116
MinimumVisualStudioVersion = 10.0.40219.1
Project("{9A19103F-16F7-4668-BE54-9A1E7A4F7556}") = "eCommerceManager.API", "src\API\eCommerceManager.API\eCommerceManager.API.csproj", "{3CEAA97D-AEFA-4236-B801-D030FC51E2B7}"
EndProject
Project("{2150E333-8FDC-42A3-9474-1A3956D46DE8}") = "src", "src", "{B3B9D129-D25D-4DFF-9B60-C7497AA5655D}"
EndProject
Project("{2150E333-8FDC-42A3-9474-1A3956D46DE8}") = "Modules", "Modules", "{E0614F1B-9F66-434A-B370-9A36B75C918B}"
EndProject
Project("{2150E333-8FDC-42A3-9474-1A3956D46DE8}") = "API", "API", "{BDF11258-B861-4A3B-9345-739C6A50123A}"
EndProject
Project("{2150E333-8FDC-42A3-9474-1A3956D46DE8}") = "SharedKernal", "SharedKernal", "{DE3CDFDF-F2A5-43F9-A1BA-2B55C2AF8271}"
EndProject
Project("{2150E333-8FDC-42A3-9474-1A3956D46DE8}") = "BuildingBlocks", "BuildingBlocks", "{B080B7CF-9798-4BB0-BE1C-C3A98132E4F0}"
EndProject
Project("{2150E333-8FDC-42A3-9474-1A3956D46DE8}") = "tests", "tests", "{4341C20E-FD65-4D53-AAAB-CE220D26DB8A}"
EndProject
Project("{2150E333-8FDC-42A3-9474-1A3956D46DE8}") = "SolutionItems", "SolutionItems", "{86998C0B-E265-4A5D-B13D-4829F1C901F1}"
EndProject
Project("{9A19103F-16F7-4668-BE54-9A1E7A4F7556}") = "SharedKernal", "src\SharedKernal\SharedKernal.csproj", "{21FEC259-F841-4DBE-A2D5-E4933518BED2}"
EndProject
Project("{2150E333-8FDC-42A3-9474-1A3956D46DE8}") = "Products", "Products", "{006C3FEA-1C47-4F22-8CD1-E20DBDB93B80}"
EndProject
Project("{2150E333-8FDC-42A3-9474-1A3956D46DE8}") = "Stocks", "Stocks", "{72A6B8E3-3480-47AD-A939-484895F9DBC8}"
EndProject
Project("{2150E333-8FDC-42A3-9474-1A3956D46DE8}") = "Discounts", "Discounts", "{9A7BCDDB-03B4-4E15-996B-3AB7FE7C4AAB}"
EndProject
Project("{2150E333-8FDC-42A3-9474-1A3956D46DE8}") = "Orders", "Orders", "{FEE053BA-8692-4982-ACA1-F7C69007E674}"
EndProject
Project("{2150E333-8FDC-42A3-9474-1A3956D46DE8}") = "Users", "Users", "{2BD9E4CA-F458-4589-BD25-6C3C22F5DA22}"
EndProject
Project("{9A19103F-16F7-4668-BE54-9A1E7A4F7556}") = "Application", "src\BuildingBlocks\Application\Application.csproj", "{4D6623A4-7D72-474C-A04E-47472BE26D0A}"
EndProject
Project("{9A19103F-16F7-4668-BE54-9A1E7A4F7556}") = "Infrastructure", "src\BuildingBlocks\Infrastructure\Infrastructure.csproj", "{E31780F3-F12C-4499-82B0-E6005D97C2C8}"
EndProject
Project("{9A19103F-16F7-4668-BE54-9A1E7A4F7556}") = "Modules.Discounts.Application", "src\Modules\Modules.Discounts.Application\Modules.Discounts.Application.csproj", "{E75611CF-2E8D-461A-9C96-7815375C3B95}"
EndProject
Project("{9A19103F-16F7-4668-BE54-9A1E7A4F7556}") = "Modules.Discounts.Domain", "src\Modules\Modules.Discount.Domain\Modules.Discounts.Domain.csproj", "{BF740E7D-0357-41C1-80F6-291A8C0FFC8F}"
EndProject
Project("{9A19103F-16F7-4668-BE54-9A1E7A4F7556}") = "Modules.Discounts.Infrastructure", "src\Modules\Modules.Discount.Infrastructure\Modules.Discounts.Infrastructure.csproj", "{C07B1C99-1FE0-45DE-A9B3-0E83AC44245E}"
EndProject
Project("{9A19103F-16F7-4668-BE54-9A1E7A4F7556}") = "Modules.Orders.Domain", "src\Modules\Modules.Orders.Domain\Modules.Orders.Domain.csproj", "{82ADCB8D-1EBF-4B0A-ADC7-DCB8C0464267}"
EndProject
Project("{9A19103F-16F7-4668-BE54-9A1E7A4F7556}") = "Modules.Orders.Application", "src\Modules\Modules.Orders.Application\Modules.Orders.Application.csproj", "{23CD536F-155E-43DA-8DFD-C2B339060B03}"
EndProject
Project("{9A19103F-16F7-4668-BE54-9A1E7A4F7556}") = "Modules.Orders.Infrastructure", "src\Modules\Modules.Orders.Infrastructure\Modules.Orders.Infrastructure.csproj", "{DA796CCD-A8E3-4927-AE3A-A40AFF57B956}"
EndProject
Project("{9A19103F-16F7-4668-BE54-9A1E7A4F7556}") = "Modules.Products.Application", "src\Modules\Modules.Products.Application\Modules.Products.Application.csproj", "{A43BB819-1E47-4FC8-BEE5-4ABC1F08A5A6}"
EndProject
Project("{9A19103F-16F7-4668-BE54-9A1E7A4F7556}") = "Modules.Products.Domain", "src\Modules\Modules.Products.Domain\Modules.Products.Domain.csproj", "{F1560E1E-7D5A-4ABF-9EF8-755AB95D42A9}"
EndProject
Project("{9A19103F-16F7-4668-BE54-9A1E7A4F7556}") = "Modules.Products.Infrastructure", "src\Modules\Modules.Products.Infrastructure\Modules.Products.Infrastructure.csproj", "{88F04F91-5E91-4A66-A77A-6F792555DA57}"
EndProject
Project("{9A19103F-16F7-4668-BE54-9A1E7A4F7556}") = "Modules.Stocks.Application", "src\Modules\Modules.Stocks.Application\Modules.Stocks.Application.csproj", "{26D7B0B9-72DB-4C5A-B898-74D602A81517}"
EndProject
Project("{9A19103F-16F7-4668-BE54-9A1E7A4F7556}") = "Modules.Stocks.Domain", "src\Modules\Modules.Stocks.Domain\Modules.Stocks.Domain.csproj", "{632B9B6E-AC3E-4E9A-88DB-2B25CA7524B1}"
EndProject
Project("{9A19103F-16F7-4668-BE54-9A1E7A4F7556}") = "Modules.Stocks.Infrastructure", "src\Modules\Modules.Stocks.Infrastructure\Modules.Stocks.Infrastructure.csproj", "{04DD38C1-9474-417A-BC05-48D7C6E47B08}"
EndProject
Project("{9A19103F-16F7-4668-BE54-9A1E7A4F7556}") = "Modules.Users.Application", "src\Modules\Modules.Users.Application\Modules.Users.Application.csproj", "{F7F230CE-A17F-40A2-BA9A-672B42EEC5D6}"
EndProject
Project("{9A19103F-16F7-4668-BE54-9A1E7A4F7556}") = "Modules.Users.Domain", "src\Modules\Modules.Users.Domain\Modules.Users.Domain.csproj", "{8157273D-9B01-4166-B5D4-FB4EDC46FA25}"
EndProject
Project("{9A19103F-16F7-4668-BE54-9A1E7A4F7556}") = "Modules.Users.Infrastructure", "src\Modules\Modules.Users.Infrastructure\Modules.Users.Infrastructure.csproj", "{2BEF6EAB-A4BF-45B2-A16C-D90FE50889D5}"
EndProject
Project("{9A19103F-16F7-4668-BE54-9A1E7A4F7556}") = "Api.FunctionalTests", "tests\Api.FunctionalTests\Api.FunctionalTests.csproj", "{1E658221-A43C-4A4A-B182-C84072432BFB}"
EndProject
Project("{9A19103F-16F7-4668-BE54-9A1E7A4F7556}") = "ArchitectureTests", "tests\ArchitectureTests\ArchitectureTests.csproj", "{D747E10B-83D6-4899-AD79-4E480D153A43}"
EndProject
Project("{9A19103F-16F7-4668-BE54-9A1E7A4F7556}") = "Application.UnitTests", "tests\Application.UnitTests\Application.UnitTests.csproj", "{34C5FFBF-5195-48BA-BE2B-3A3A5DA9D678}"
EndProject
Project("{9A19103F-16F7-4668-BE54-9A1E7A4F7556}") = "Application.IntegrationTests", "tests\Application.IntegrationTests\Application.IntegrationTests.csproj", "{B8E8E6DD-DE41-4264-85CC-DE6EB6A20055}"
EndProject
Project("{2150E333-8FDC-42A3-9474-1A3956D46DE8}") = "Client", "Client", "{89099C7E-7A0F-48BA-BD9E-74A51EA811A0}"
EndProject
Project("{54A90642-561A-4BB1-A94E-469ADEE60C69}") = "ecommercemanager-client", "ecommercemanager-client\ecommercemanager-client.esproj", "{D29FDE84-BBB5-4213-BFE3-35FFA6BEAB2E}"
EndProject
Project("{E53339B2-1760-4266-BCC7-CA923CBCF16C}") = "docker-compose", "docker-compose.dcproj", "{3B02134F-636A-4B14-8884-7F736D9B9648}"
EndProject
Global
	GlobalSection(SolutionConfigurationPlatforms) = preSolution
		Debug|Any CPU = Debug|Any CPU
		Release|Any CPU = Release|Any CPU
	EndGlobalSection
	GlobalSection(ProjectConfigurationPlatforms) = postSolution
		{3CEAA97D-AEFA-4236-B801-D030FC51E2B7}.Debug|Any CPU.ActiveCfg = Debug|Any CPU
		{3CEAA97D-AEFA-4236-B801-D030FC51E2B7}.Debug|Any CPU.Build.0 = Debug|Any CPU
		{3CEAA97D-AEFA-4236-B801-D030FC51E2B7}.Release|Any CPU.ActiveCfg = Release|Any CPU
		{3CEAA97D-AEFA-4236-B801-D030FC51E2B7}.Release|Any CPU.Build.0 = Release|Any CPU
		{21FEC259-F841-4DBE-A2D5-E4933518BED2}.Debug|Any CPU.ActiveCfg = Debug|Any CPU
		{21FEC259-F841-4DBE-A2D5-E4933518BED2}.Debug|Any CPU.Build.0 = Debug|Any CPU
		{21FEC259-F841-4DBE-A2D5-E4933518BED2}.Release|Any CPU.ActiveCfg = Release|Any CPU
		{21FEC259-F841-4DBE-A2D5-E4933518BED2}.Release|Any CPU.Build.0 = Release|Any CPU
		{4D6623A4-7D72-474C-A04E-47472BE26D0A}.Debug|Any CPU.ActiveCfg = Debug|Any CPU
		{4D6623A4-7D72-474C-A04E-47472BE26D0A}.Debug|Any CPU.Build.0 = Debug|Any CPU
		{4D6623A4-7D72-474C-A04E-47472BE26D0A}.Release|Any CPU.ActiveCfg = Release|Any CPU
		{4D6623A4-7D72-474C-A04E-47472BE26D0A}.Release|Any CPU.Build.0 = Release|Any CPU
		{E31780F3-F12C-4499-82B0-E6005D97C2C8}.Debug|Any CPU.ActiveCfg = Debug|Any CPU
		{E31780F3-F12C-4499-82B0-E6005D97C2C8}.Debug|Any CPU.Build.0 = Debug|Any CPU
		{E31780F3-F12C-4499-82B0-E6005D97C2C8}.Release|Any CPU.ActiveCfg = Release|Any CPU
		{E31780F3-F12C-4499-82B0-E6005D97C2C8}.Release|Any CPU.Build.0 = Release|Any CPU
		{E75611CF-2E8D-461A-9C96-7815375C3B95}.Debug|Any CPU.ActiveCfg = Debug|Any CPU
		{E75611CF-2E8D-461A-9C96-7815375C3B95}.Debug|Any CPU.Build.0 = Debug|Any CPU
		{E75611CF-2E8D-461A-9C96-7815375C3B95}.Release|Any CPU.ActiveCfg = Release|Any CPU
		{E75611CF-2E8D-461A-9C96-7815375C3B95}.Release|Any CPU.Build.0 = Release|Any CPU
		{BF740E7D-0357-41C1-80F6-291A8C0FFC8F}.Debug|Any CPU.ActiveCfg = Debug|Any CPU
		{BF740E7D-0357-41C1-80F6-291A8C0FFC8F}.Debug|Any CPU.Build.0 = Debug|Any CPU
		{BF740E7D-0357-41C1-80F6-291A8C0FFC8F}.Release|Any CPU.ActiveCfg = Release|Any CPU
		{BF740E7D-0357-41C1-80F6-291A8C0FFC8F}.Release|Any CPU.Build.0 = Release|Any CPU
		{C07B1C99-1FE0-45DE-A9B3-0E83AC44245E}.Debug|Any CPU.ActiveCfg = Debug|Any CPU
		{C07B1C99-1FE0-45DE-A9B3-0E83AC44245E}.Debug|Any CPU.Build.0 = Debug|Any CPU
		{C07B1C99-1FE0-45DE-A9B3-0E83AC44245E}.Release|Any CPU.ActiveCfg = Release|Any CPU
		{C07B1C99-1FE0-45DE-A9B3-0E83AC44245E}.Release|Any CPU.Build.0 = Release|Any CPU
		{82ADCB8D-1EBF-4B0A-ADC7-DCB8C0464267}.Debug|Any CPU.ActiveCfg = Debug|Any CPU
		{82ADCB8D-1EBF-4B0A-ADC7-DCB8C0464267}.Debug|Any CPU.Build.0 = Debug|Any CPU
		{82ADCB8D-1EBF-4B0A-ADC7-DCB8C0464267}.Release|Any CPU.ActiveCfg = Release|Any CPU
		{82ADCB8D-1EBF-4B0A-ADC7-DCB8C0464267}.Release|Any CPU.Build.0 = Release|Any CPU
		{23CD536F-155E-43DA-8DFD-C2B339060B03}.Debug|Any CPU.ActiveCfg = Debug|Any CPU
		{23CD536F-155E-43DA-8DFD-C2B339060B03}.Debug|Any CPU.Build.0 = Debug|Any CPU
		{23CD536F-155E-43DA-8DFD-C2B339060B03}.Release|Any CPU.ActiveCfg = Release|Any CPU
		{23CD536F-155E-43DA-8DFD-C2B339060B03}.Release|Any CPU.Build.0 = Release|Any CPU
		{DA796CCD-A8E3-4927-AE3A-A40AFF57B956}.Debug|Any CPU.ActiveCfg = Debug|Any CPU
		{DA796CCD-A8E3-4927-AE3A-A40AFF57B956}.Debug|Any CPU.Build.0 = Debug|Any CPU
		{DA796CCD-A8E3-4927-AE3A-A40AFF57B956}.Release|Any CPU.ActiveCfg = Release|Any CPU
		{DA796CCD-A8E3-4927-AE3A-A40AFF57B956}.Release|Any CPU.Build.0 = Release|Any CPU
		{A43BB819-1E47-4FC8-BEE5-4ABC1F08A5A6}.Debug|Any CPU.ActiveCfg = Debug|Any CPU
		{A43BB819-1E47-4FC8-BEE5-4ABC1F08A5A6}.Debug|Any CPU.Build.0 = Debug|Any CPU
		{A43BB819-1E47-4FC8-BEE5-4ABC1F08A5A6}.Release|Any CPU.ActiveCfg = Release|Any CPU
		{A43BB819-1E47-4FC8-BEE5-4ABC1F08A5A6}.Release|Any CPU.Build.0 = Release|Any CPU
		{F1560E1E-7D5A-4ABF-9EF8-755AB95D42A9}.Debug|Any CPU.ActiveCfg = Debug|Any CPU
		{F1560E1E-7D5A-4ABF-9EF8-755AB95D42A9}.Debug|Any CPU.Build.0 = Debug|Any CPU
		{F1560E1E-7D5A-4ABF-9EF8-755AB95D42A9}.Release|Any CPU.ActiveCfg = Release|Any CPU
		{F1560E1E-7D5A-4ABF-9EF8-755AB95D42A9}.Release|Any CPU.Build.0 = Release|Any CPU
		{88F04F91-5E91-4A66-A77A-6F792555DA57}.Debug|Any CPU.ActiveCfg = Debug|Any CPU
		{88F04F91-5E91-4A66-A77A-6F792555DA57}.Debug|Any CPU.Build.0 = Debug|Any CPU
		{88F04F91-5E91-4A66-A77A-6F792555DA57}.Release|Any CPU.ActiveCfg = Release|Any CPU
		{88F04F91-5E91-4A66-A77A-6F792555DA57}.Release|Any CPU.Build.0 = Release|Any CPU
		{26D7B0B9-72DB-4C5A-B898-74D602A81517}.Debug|Any CPU.ActiveCfg = Debug|Any CPU
		{26D7B0B9-72DB-4C5A-B898-74D602A81517}.Debug|Any CPU.Build.0 = Debug|Any CPU
		{26D7B0B9-72DB-4C5A-B898-74D602A81517}.Release|Any CPU.ActiveCfg = Release|Any CPU
		{26D7B0B9-72DB-4C5A-B898-74D602A81517}.Release|Any CPU.Build.0 = Release|Any CPU
		{632B9B6E-AC3E-4E9A-88DB-2B25CA7524B1}.Debug|Any CPU.ActiveCfg = Debug|Any CPU
		{632B9B6E-AC3E-4E9A-88DB-2B25CA7524B1}.Debug|Any CPU.Build.0 = Debug|Any CPU
		{632B9B6E-AC3E-4E9A-88DB-2B25CA7524B1}.Release|Any CPU.ActiveCfg = Release|Any CPU
		{632B9B6E-AC3E-4E9A-88DB-2B25CA7524B1}.Release|Any CPU.Build.0 = Release|Any CPU
		{04DD38C1-9474-417A-BC05-48D7C6E47B08}.Debug|Any CPU.ActiveCfg = Debug|Any CPU
		{04DD38C1-9474-417A-BC05-48D7C6E47B08}.Debug|Any CPU.Build.0 = Debug|Any CPU
		{04DD38C1-9474-417A-BC05-48D7C6E47B08}.Release|Any CPU.ActiveCfg = Release|Any CPU
		{04DD38C1-9474-417A-BC05-48D7C6E47B08}.Release|Any CPU.Build.0 = Release|Any CPU
		{F7F230CE-A17F-40A2-BA9A-672B42EEC5D6}.Debug|Any CPU.ActiveCfg = Debug|Any CPU
		{F7F230CE-A17F-40A2-BA9A-672B42EEC5D6}.Debug|Any CPU.Build.0 = Debug|Any CPU
		{F7F230CE-A17F-40A2-BA9A-672B42EEC5D6}.Release|Any CPU.ActiveCfg = Release|Any CPU
		{F7F230CE-A17F-40A2-BA9A-672B42EEC5D6}.Release|Any CPU.Build.0 = Release|Any CPU
		{8157273D-9B01-4166-B5D4-FB4EDC46FA25}.Debug|Any CPU.ActiveCfg = Debug|Any CPU
		{8157273D-9B01-4166-B5D4-FB4EDC46FA25}.Debug|Any CPU.Build.0 = Debug|Any CPU
		{8157273D-9B01-4166-B5D4-FB4EDC46FA25}.Release|Any CPU.ActiveCfg = Release|Any CPU
		{8157273D-9B01-4166-B5D4-FB4EDC46FA25}.Release|Any CPU.Build.0 = Release|Any CPU
		{2BEF6EAB-A4BF-45B2-A16C-D90FE50889D5}.Debug|Any CPU.ActiveCfg = Debug|Any CPU
		{2BEF6EAB-A4BF-45B2-A16C-D90FE50889D5}.Debug|Any CPU.Build.0 = Debug|Any CPU
		{2BEF6EAB-A4BF-45B2-A16C-D90FE50889D5}.Release|Any CPU.ActiveCfg = Release|Any CPU
		{2BEF6EAB-A4BF-45B2-A16C-D90FE50889D5}.Release|Any CPU.Build.0 = Release|Any CPU
		{1E658221-A43C-4A4A-B182-C84072432BFB}.Debug|Any CPU.ActiveCfg = Debug|Any CPU
		{1E658221-A43C-4A4A-B182-C84072432BFB}.Debug|Any CPU.Build.0 = Debug|Any CPU
		{1E658221-A43C-4A4A-B182-C84072432BFB}.Release|Any CPU.ActiveCfg = Release|Any CPU
		{1E658221-A43C-4A4A-B182-C84072432BFB}.Release|Any CPU.Build.0 = Release|Any CPU
		{D747E10B-83D6-4899-AD79-4E480D153A43}.Debug|Any CPU.ActiveCfg = Debug|Any CPU
		{D747E10B-83D6-4899-AD79-4E480D153A43}.Debug|Any CPU.Build.0 = Debug|Any CPU
		{D747E10B-83D6-4899-AD79-4E480D153A43}.Release|Any CPU.ActiveCfg = Release|Any CPU
		{D747E10B-83D6-4899-AD79-4E480D153A43}.Release|Any CPU.Build.0 = Release|Any CPU
		{34C5FFBF-5195-48BA-BE2B-3A3A5DA9D678}.Debug|Any CPU.ActiveCfg = Debug|Any CPU
		{34C5FFBF-5195-48BA-BE2B-3A3A5DA9D678}.Debug|Any CPU.Build.0 = Debug|Any CPU
		{34C5FFBF-5195-48BA-BE2B-3A3A5DA9D678}.Release|Any CPU.ActiveCfg = Release|Any CPU
		{34C5FFBF-5195-48BA-BE2B-3A3A5DA9D678}.Release|Any CPU.Build.0 = Release|Any CPU
		{B8E8E6DD-DE41-4264-85CC-DE6EB6A20055}.Debug|Any CPU.ActiveCfg = Debug|Any CPU
		{B8E8E6DD-DE41-4264-85CC-DE6EB6A20055}.Debug|Any CPU.Build.0 = Debug|Any CPU
		{B8E8E6DD-DE41-4264-85CC-DE6EB6A20055}.Release|Any CPU.ActiveCfg = Release|Any CPU
		{B8E8E6DD-DE41-4264-85CC-DE6EB6A20055}.Release|Any CPU.Build.0 = Release|Any CPU
		{D29FDE84-BBB5-4213-BFE3-35FFA6BEAB2E}.Debug|Any CPU.ActiveCfg = Debug|Any CPU
		{D29FDE84-BBB5-4213-BFE3-35FFA6BEAB2E}.Debug|Any CPU.Build.0 = Debug|Any CPU
		{D29FDE84-BBB5-4213-BFE3-35FFA6BEAB2E}.Debug|Any CPU.Deploy.0 = Debug|Any CPU
		{D29FDE84-BBB5-4213-BFE3-35FFA6BEAB2E}.Release|Any CPU.ActiveCfg = Release|Any CPU
		{D29FDE84-BBB5-4213-BFE3-35FFA6BEAB2E}.Release|Any CPU.Build.0 = Release|Any CPU
		{D29FDE84-BBB5-4213-BFE3-35FFA6BEAB2E}.Release|Any CPU.Deploy.0 = Release|Any CPU
		{3B02134F-636A-4B14-8884-7F736D9B9648}.Debug|Any CPU.ActiveCfg = Debug|Any CPU
		{3B02134F-636A-4B14-8884-7F736D9B9648}.Debug|Any CPU.Build.0 = Debug|Any CPU
		{3B02134F-636A-4B14-8884-7F736D9B9648}.Release|Any CPU.ActiveCfg = Release|Any CPU
		{3B02134F-636A-4B14-8884-7F736D9B9648}.Release|Any CPU.Build.0 = Release|Any CPU
	EndGlobalSection
	GlobalSection(SolutionProperties) = preSolution
		HideSolutionNode = FALSE
	EndGlobalSection
	GlobalSection(NestedProjects) = preSolution
		{3CEAA97D-AEFA-4236-B801-D030FC51E2B7} = {BDF11258-B861-4A3B-9345-739C6A50123A}
		{E0614F1B-9F66-434A-B370-9A36B75C918B} = {B3B9D129-D25D-4DFF-9B60-C7497AA5655D}
		{BDF11258-B861-4A3B-9345-739C6A50123A} = {B3B9D129-D25D-4DFF-9B60-C7497AA5655D}
		{DE3CDFDF-F2A5-43F9-A1BA-2B55C2AF8271} = {B3B9D129-D25D-4DFF-9B60-C7497AA5655D}
		{B080B7CF-9798-4BB0-BE1C-C3A98132E4F0} = {B3B9D129-D25D-4DFF-9B60-C7497AA5655D}
		{21FEC259-F841-4DBE-A2D5-E4933518BED2} = {DE3CDFDF-F2A5-43F9-A1BA-2B55C2AF8271}
		{006C3FEA-1C47-4F22-8CD1-E20DBDB93B80} = {E0614F1B-9F66-434A-B370-9A36B75C918B}
		{72A6B8E3-3480-47AD-A939-484895F9DBC8} = {E0614F1B-9F66-434A-B370-9A36B75C918B}
		{9A7BCDDB-03B4-4E15-996B-3AB7FE7C4AAB} = {E0614F1B-9F66-434A-B370-9A36B75C918B}
		{FEE053BA-8692-4982-ACA1-F7C69007E674} = {E0614F1B-9F66-434A-B370-9A36B75C918B}
		{2BD9E4CA-F458-4589-BD25-6C3C22F5DA22} = {E0614F1B-9F66-434A-B370-9A36B75C918B}
		{4D6623A4-7D72-474C-A04E-47472BE26D0A} = {B080B7CF-9798-4BB0-BE1C-C3A98132E4F0}
		{E31780F3-F12C-4499-82B0-E6005D97C2C8} = {B080B7CF-9798-4BB0-BE1C-C3A98132E4F0}
		{E75611CF-2E8D-461A-9C96-7815375C3B95} = {9A7BCDDB-03B4-4E15-996B-3AB7FE7C4AAB}
		{BF740E7D-0357-41C1-80F6-291A8C0FFC8F} = {9A7BCDDB-03B4-4E15-996B-3AB7FE7C4AAB}
		{C07B1C99-1FE0-45DE-A9B3-0E83AC44245E} = {9A7BCDDB-03B4-4E15-996B-3AB7FE7C4AAB}
		{82ADCB8D-1EBF-4B0A-ADC7-DCB8C0464267} = {FEE053BA-8692-4982-ACA1-F7C69007E674}
		{23CD536F-155E-43DA-8DFD-C2B339060B03} = {FEE053BA-8692-4982-ACA1-F7C69007E674}
		{DA796CCD-A8E3-4927-AE3A-A40AFF57B956} = {FEE053BA-8692-4982-ACA1-F7C69007E674}
		{A43BB819-1E47-4FC8-BEE5-4ABC1F08A5A6} = {006C3FEA-1C47-4F22-8CD1-E20DBDB93B80}
		{F1560E1E-7D5A-4ABF-9EF8-755AB95D42A9} = {006C3FEA-1C47-4F22-8CD1-E20DBDB93B80}
		{88F04F91-5E91-4A66-A77A-6F792555DA57} = {006C3FEA-1C47-4F22-8CD1-E20DBDB93B80}
		{26D7B0B9-72DB-4C5A-B898-74D602A81517} = {72A6B8E3-3480-47AD-A939-484895F9DBC8}
		{632B9B6E-AC3E-4E9A-88DB-2B25CA7524B1} = {72A6B8E3-3480-47AD-A939-484895F9DBC8}
		{04DD38C1-9474-417A-BC05-48D7C6E47B08} = {72A6B8E3-3480-47AD-A939-484895F9DBC8}
		{F7F230CE-A17F-40A2-BA9A-672B42EEC5D6} = {2BD9E4CA-F458-4589-BD25-6C3C22F5DA22}
		{8157273D-9B01-4166-B5D4-FB4EDC46FA25} = {2BD9E4CA-F458-4589-BD25-6C3C22F5DA22}
		{2BEF6EAB-A4BF-45B2-A16C-D90FE50889D5} = {2BD9E4CA-F458-4589-BD25-6C3C22F5DA22}
		{1E658221-A43C-4A4A-B182-C84072432BFB} = {4341C20E-FD65-4D53-AAAB-CE220D26DB8A}
		{D747E10B-83D6-4899-AD79-4E480D153A43} = {4341C20E-FD65-4D53-AAAB-CE220D26DB8A}
		{34C5FFBF-5195-48BA-BE2B-3A3A5DA9D678} = {4341C20E-FD65-4D53-AAAB-CE220D26DB8A}
		{B8E8E6DD-DE41-4264-85CC-DE6EB6A20055} = {4341C20E-FD65-4D53-AAAB-CE220D26DB8A}
		{89099C7E-7A0F-48BA-BD9E-74A51EA811A0} = {B3B9D129-D25D-4DFF-9B60-C7497AA5655D}
		{D29FDE84-BBB5-4213-BFE3-35FFA6BEAB2E} = {89099C7E-7A0F-48BA-BD9E-74A51EA811A0}
	EndGlobalSection
	GlobalSection(ExtensibilityGlobals) = postSolution
		SolutionGuid = {19BE39B6-EDF3-4911-BAAB-A5125CC93A37}
	EndGlobalSection
EndGlobal
